// !$*UTF8*$!
{
	archiveVersion = 1;
	classes = {
	};
	objectVersion = 50;
	objects = {

/* Begin PBXBuildFile section */
		9419220B23DED2F50030B9B0 /* CategoryRequest.swift in Sources */ = {isa = PBXBuildFile; fileRef = 9419220A23DED2F50030B9B0 /* CategoryRequest.swift */; };
		9419220E23DF14650030B9B0 /* CategoryRepository.swift in Sources */ = {isa = PBXBuildFile; fileRef = 9419220D23DF14650030B9B0 /* CategoryRepository.swift */; };
		9419221023DF37E70030B9B0 /* BackendRepository.swift in Sources */ = {isa = PBXBuildFile; fileRef = 9419220F23DF37E70030B9B0 /* BackendRepository.swift */; };
		94394C4423BB575B00EF4ADF /* GoogleService-Info.plist in Resources */ = {isa = PBXBuildFile; fileRef = 94394C4323BB575B00EF4ADF /* GoogleService-Info.plist */; };
		9451D0C323BB4345007DBF0E /* AppDelegate.swift in Sources */ = {isa = PBXBuildFile; fileRef = 9451D0C223BB4345007DBF0E /* AppDelegate.swift */; };
		9451D0C523BB4345007DBF0E /* ViewController.swift in Sources */ = {isa = PBXBuildFile; fileRef = 9451D0C423BB4345007DBF0E /* ViewController.swift */; };
		9451D0C823BB4345007DBF0E /* Main.storyboard in Resources */ = {isa = PBXBuildFile; fileRef = 9451D0C623BB4345007DBF0E /* Main.storyboard */; };
		9451D0CD23BB4345007DBF0E /* Assets.xcassets in Resources */ = {isa = PBXBuildFile; fileRef = 9451D0CC23BB4345007DBF0E /* Assets.xcassets */; };
		9451D0D023BB4345007DBF0E /* LaunchScreen.storyboard in Resources */ = {isa = PBXBuildFile; fileRef = 9451D0CE23BB4345007DBF0E /* LaunchScreen.storyboard */; };
		9469106023C1E2E2002AE663 /* ItemsVC.swift in Sources */ = {isa = PBXBuildFile; fileRef = 9469105F23C1E2E1002AE663 /* ItemsVC.swift */; };
		94BEBB3B23DF79A900D2C893 /* ModelProtocol.swift in Sources */ = {isa = PBXBuildFile; fileRef = 94BEBB3A23DF79A900D2C893 /* ModelProtocol.swift */; };
		94E23DAC23DDC2BF00FB4483 /* coreData.xcdatamodeld in Sources */ = {isa = PBXBuildFile; fileRef = 94E23DAA23DDC2BF00FB4483 /* coreData.xcdatamodeld */; };
/* End PBXBuildFile section */

/* Begin PBXFileReference section */
		9419220A23DED2F50030B9B0 /* CategoryRequest.swift */ = {isa = PBXFileReference; lastKnownFileType = sourcecode.swift; path = CategoryRequest.swift; sourceTree = "<group>"; };
		9419220D23DF14650030B9B0 /* CategoryRepository.swift */ = {isa = PBXFileReference; lastKnownFileType = sourcecode.swift; path = CategoryRepository.swift; sourceTree = "<group>"; };
		9419220F23DF37E70030B9B0 /* BackendRepository.swift */ = {isa = PBXFileReference; lastKnownFileType = sourcecode.swift; path = BackendRepository.swift; sourceTree = "<group>"; };
		94394C4323BB575B00EF4ADF /* GoogleService-Info.plist */ = {isa = PBXFileReference; fileEncoding = 4; lastKnownFileType = text.plist.xml; path = "GoogleService-Info.plist"; sourceTree = "<group>"; };
		9451D0BF23BB4345007DBF0E /* coreDataFirebase.app */ = {isa = PBXFileReference; explicitFileType = wrapper.application; includeInIndex = 0; path = coreDataFirebase.app; sourceTree = BUILT_PRODUCTS_DIR; };
		9451D0C223BB4345007DBF0E /* AppDelegate.swift */ = {isa = PBXFileReference; lastKnownFileType = sourcecode.swift; path = AppDelegate.swift; sourceTree = "<group>"; };
		9451D0C423BB4345007DBF0E /* ViewController.swift */ = {isa = PBXFileReference; lastKnownFileType = sourcecode.swift; path = ViewController.swift; sourceTree = "<group>"; };
		9451D0C723BB4345007DBF0E /* Base */ = {isa = PBXFileReference; lastKnownFileType = file.storyboard; name = Base; path = Base.lproj/Main.storyboard; sourceTree = "<group>"; };
		9451D0CC23BB4345007DBF0E /* Assets.xcassets */ = {isa = PBXFileReference; lastKnownFileType = folder.assetcatalog; path = Assets.xcassets; sourceTree = "<group>"; };
		9451D0CF23BB4345007DBF0E /* Base */ = {isa = PBXFileReference; lastKnownFileType = file.storyboard; name = Base; path = Base.lproj/LaunchScreen.storyboard; sourceTree = "<group>"; };
		9451D0D123BB4346007DBF0E /* Info.plist */ = {isa = PBXFileReference; lastKnownFileType = text.plist.xml; path = Info.plist; sourceTree = "<group>"; };
		9469105F23C1E2E1002AE663 /* ItemsVC.swift */ = {isa = PBXFileReference; lastKnownFileType = sourcecode.swift; path = ItemsVC.swift; sourceTree = "<group>"; };
		94BEBB3A23DF79A900D2C893 /* ModelProtocol.swift */ = {isa = PBXFileReference; fileEncoding = 4; lastKnownFileType = sourcecode.swift; path = ModelProtocol.swift; sourceTree = "<group>"; };
		94E23DAB23DDC2BF00FB4483 /* coreDataFirebase.xcdatamodel */ = {isa = PBXFileReference; lastKnownFileType = wrapper.xcdatamodel; path = coreDataFirebase.xcdatamodel; sourceTree = "<group>"; };
/* End PBXFileReference section */

/* Begin PBXFrameworksBuildPhase section */
		9451D0BC23BB4344007DBF0E /* Frameworks */ = {
			isa = PBXFrameworksBuildPhase;
			buildActionMask = 2147483647;
			files = (
			);
			runOnlyForDeploymentPostprocessing = 0;
		};
/* End PBXFrameworksBuildPhase section */

/* Begin PBXGroup section */
		2F6F478CF171CF23C364CCC3 /* Frameworks */ = {
			isa = PBXGroup;
			children = (
			);
			name = Frameworks;
			sourceTree = "<group>";
		};
		9419220923DED2DA0030B9B0 /* Network */ = {
			isa = PBXGroup;
			children = (
				9419220A23DED2F50030B9B0 /* CategoryRequest.swift */,
			);
			path = Network;
			sourceTree = "<group>";
		};
		9419220C23DF14490030B9B0 /* Repository */ = {
			isa = PBXGroup;
			children = (
				9419220D23DF14650030B9B0 /* CategoryRepository.swift */,
				9419220F23DF37E70030B9B0 /* BackendRepository.swift */,
			);
			path = Repository;
			sourceTree = "<group>";
		};
		9451D0B623BB4344007DBF0E = {
			isa = PBXGroup;
			children = (
				9451D0C123BB4345007DBF0E /* coreDataFirebase */,
				9451D0C023BB4345007DBF0E /* Products */,
				2F6F478CF171CF23C364CCC3 /* Frameworks */,
			);
			sourceTree = "<group>";
		};
		9451D0C023BB4345007DBF0E /* Products */ = {
			isa = PBXGroup;
			children = (
				9451D0BF23BB4345007DBF0E /* coreDataFirebase.app */,
			);
			name = Products;
			sourceTree = "<group>";
		};
		9451D0C123BB4345007DBF0E /* coreDataFirebase */ = {
			isa = PBXGroup;
			children = (
				94BEBB3C23DF79C700D2C893 /* Protocols */,
				9419220C23DF14490030B9B0 /* Repository */,
				9419220923DED2DA0030B9B0 /* Network */,
				94B1563D23D84D410045C0EB /* Model */,
				94B1563C23D84D390045C0EB /* View */,
				94B1563B23D84D2A0045C0EB /* Controller */,
				9451D0C223BB4345007DBF0E /* AppDelegate.swift */,
				9469105F23C1E2E1002AE663 /* ItemsVC.swift */,
				9451D0CC23BB4345007DBF0E /* Assets.xcassets */,
				9451D0CE23BB4345007DBF0E /* LaunchScreen.storyboard */,
				94394C4323BB575B00EF4ADF /* GoogleService-Info.plist */,
				9451D0D123BB4346007DBF0E /* Info.plist */,
			);
			path = coreDataFirebase;
			sourceTree = "<group>";
		};
		94B1563B23D84D2A0045C0EB /* Controller */ = {
			isa = PBXGroup;
			children = (
				9451D0C423BB4345007DBF0E /* ViewController.swift */,
			);
			path = Controller;
			sourceTree = "<group>";
		};
		94B1563C23D84D390045C0EB /* View */ = {
			isa = PBXGroup;
			children = (
				9451D0C623BB4345007DBF0E /* Main.storyboard */,
			);
			path = View;
			sourceTree = "<group>";
		};
		94B1563D23D84D410045C0EB /* Model */ = {
			isa = PBXGroup;
			children = (
				94E23DAA23DDC2BF00FB4483 /* coreData.xcdatamodeld */,
			);
			path = Model;
			sourceTree = "<group>";
		};
		94BEBB3C23DF79C700D2C893 /* Protocols */ = {
			isa = PBXGroup;
			children = (
				94BEBB3A23DF79A900D2C893 /* ModelProtocol.swift */,
			);
			name = Protocols;
			path = "New Group";
			sourceTree = "<group>";
		};
/* End PBXGroup section */

/* Begin PBXNativeTarget section */
		9451D0BE23BB4344007DBF0E /* coreDataFirebase */ = {
			isa = PBXNativeTarget;
			buildConfigurationList = 9451D0D423BB4346007DBF0E /* Build configuration list for PBXNativeTarget "coreDataFirebase" */;
			buildPhases = (
				9451D0BB23BB4344007DBF0E /* Sources */,
				9451D0BC23BB4344007DBF0E /* Frameworks */,
				9451D0BD23BB4344007DBF0E /* Resources */,
			);
			buildRules = (
			);
			dependencies = (
			);
			name = coreDataFirebase;
			productName = coreDataFirebase;
			productReference = 9451D0BF23BB4345007DBF0E /* coreDataFirebase.app */;
			productType = "com.apple.product-type.application";
		};
/* End PBXNativeTarget section */

/* Begin PBXProject section */
		9451D0B723BB4344007DBF0E /* Project object */ = {
			isa = PBXProject;
			attributes = {
				LastSwiftUpdateCheck = 1010;
				LastUpgradeCheck = 1010;
				ORGANIZATIONNAME = "Abdelrahman-Arw";
				TargetAttributes = {
					9451D0BE23BB4344007DBF0E = {
						CreatedOnToolsVersion = 10.1;
					};
				};
			};
			buildConfigurationList = 9451D0BA23BB4344007DBF0E /* Build configuration list for PBXProject "coreDataFirebase" */;
			compatibilityVersion = "Xcode 9.3";
			developmentRegion = en;
			hasScannedForEncodings = 0;
			knownRegions = (
				en,
				Base,
			);
			mainGroup = 9451D0B623BB4344007DBF0E;
			productRefGroup = 9451D0C023BB4345007DBF0E /* Products */;
			projectDirPath = "";
			projectRoot = "";
			targets = (
				9451D0BE23BB4344007DBF0E /* coreDataFirebase */,
			);
		};
/* End PBXProject section */

/* Begin PBXResourcesBuildPhase section */
		9451D0BD23BB4344007DBF0E /* Resources */ = {
			isa = PBXResourcesBuildPhase;
			buildActionMask = 2147483647;
			files = (
				9451D0D023BB4345007DBF0E /* LaunchScreen.storyboard in Resources */,
				9451D0CD23BB4345007DBF0E /* Assets.xcassets in Resources */,
				9451D0C823BB4345007DBF0E /* Main.storyboard in Resources */,
				94394C4423BB575B00EF4ADF /* GoogleService-Info.plist in Resources */,
			);
			runOnlyForDeploymentPostprocessing = 0;
		};
/* End PBXResourcesBuildPhase section */

/* Begin PBXSourcesBuildPhase section */
		9451D0BB23BB4344007DBF0E /* Sources */ = {
			isa = PBXSourcesBuildPhase;
			buildActionMask = 2147483647;
			files = (
				9419221023DF37E70030B9B0 /* BackendRepository.swift in Sources */,
				94BEBB3B23DF79A900D2C893 /* ModelProtocol.swift in Sources */,
				9451D0C523BB4345007DBF0E /* ViewController.swift in Sources */,
				9419220E23DF14650030B9B0 /* CategoryRepository.swift in Sources */,
				9451D0C323BB4345007DBF0E /* AppDelegate.swift in Sources */,
				9469106023C1E2E2002AE663 /* ItemsVC.swift in Sources */,
				9419220B23DED2F50030B9B0 /* CategoryRequest.swift in Sources */,
				94E23DAC23DDC2BF00FB4483 /* coreData.xcdatamodeld in Sources */,
			);
			runOnlyForDeploymentPostprocessing = 0;
		};
/* End PBXSourcesBuildPhase section */

/* Begin PBXVariantGroup section */
		9451D0C623BB4345007DBF0E /* Main.storyboard */ = {
			isa = PBXVariantGroup;
			children = (
				9451D0C723BB4345007DBF0E /* Base */,
			);
			name = Main.storyboard;
			sourceTree = "<group>";
		};
		9451D0CE23BB4345007DBF0E /* LaunchScreen.storyboard */ = {
			isa = PBXVariantGroup;
			children = (
				9451D0CF23BB4345007DBF0E /* Base */,
			);
			name = LaunchScreen.storyboard;
			sourceTree = "<group>";
		};
/* End PBXVariantGroup section */

/* Begin XCBuildConfiguration section */
		9451D0D223BB4346007DBF0E /* Debug */ = {
			isa = XCBuildConfiguration;
			buildSettings = {
				ALWAYS_SEARCH_USER_PATHS = NO;
				CLANG_ANALYZER_NONNULL = YES;
				CLANG_ANALYZER_NUMBER_OBJECT_CONVERSION = YES_AGGRESSIVE;
				CLANG_CXX_LANGUAGE_STANDARD = "gnu++14";
				CLANG_CXX_LIBRARY = "libc++";
				CLANG_ENABLE_MODULES = YES;
				CLANG_ENABLE_OBJC_ARC = YES;
				CLANG_ENABLE_OBJC_WEAK = YES;
				CLANG_WARN_BLOCK_CAPTURE_AUTORELEASING = YES;
				CLANG_WARN_BOOL_CONVERSION = YES;
				CLANG_WARN_COMMA = YES;
				CLANG_WARN_CONSTANT_CONVERSION = YES;
				CLANG_WARN_DEPRECATED_OBJC_IMPLEMENTATIONS = YES;
				CLANG_WARN_DIRECT_OBJC_ISA_USAGE = YES_ERROR;
				CLANG_WARN_DOCUMENTATION_COMMENTS = YES;
				CLANG_WARN_EMPTY_BODY = YES;
				CLANG_WARN_ENUM_CONVERSION = YES;
				CLANG_WARN_INFINITE_RECURSION = YES;
				CLANG_WARN_INT_CONVERSION = YES;
				CLANG_WARN_NON_LITERAL_NULL_CONVERSION = YES;
				CLANG_WARN_OBJC_IMPLICIT_RETAIN_SELF = YES;
				CLANG_WARN_OBJC_LITERAL_CONVERSION = YES;
				CLANG_WARN_OBJC_ROOT_CLASS = YES_ERROR;
				CLANG_WARN_RANGE_LOOP_ANALYSIS = YES;
				CLANG_WARN_STRICT_PROTOTYPES = YES;
				CLANG_WARN_SUSPICIOUS_MOVE = YES;
				CLANG_WARN_UNGUARDED_AVAILABILITY = YES_AGGRESSIVE;
				CLANG_WARN_UNREACHABLE_CODE = YES;
				CLANG_WARN__DUPLICATE_METHOD_MATCH = YES;
				CODE_SIGN_IDENTITY = "iPhone Developer";
				COPY_PHASE_STRIP = NO;
				DEBUG_INFORMATION_FORMAT = dwarf;
				ENABLE_STRICT_OBJC_MSGSEND = YES;
				ENABLE_TESTABILITY = YES;
				GCC_C_LANGUAGE_STANDARD = gnu11;
				GCC_DYNAMIC_NO_PIC = NO;
				GCC_NO_COMMON_BLOCKS = YES;
				GCC_OPTIMIZATION_LEVEL = 0;
				GCC_PREPROCESSOR_DEFINITIONS = (
					"DEBUG=1",
					"$(inherited)",
				);
				GCC_WARN_64_TO_32_BIT_CONVERSION = YES;
				GCC_WARN_ABOUT_RETURN_TYPE = YES_ERROR;
				GCC_WARN_UNDECLARED_SELECTOR = YES;
				GCC_WARN_UNINITIALIZED_AUTOS = YES_AGGRESSIVE;
				GCC_WARN_UNUSED_FUNCTION = YES;
				GCC_WARN_UNUSED_VARIABLE = YES;
				IPHONEOS_DEPLOYMENT_TARGET = 12.1;
				MTL_ENABLE_DEBUG_INFO = INCLUDE_SOURCE;
				MTL_FAST_MATH = YES;
				ONLY_ACTIVE_ARCH = YES;
				SDKROOT = iphoneos;
				SWIFT_ACTIVE_COMPILATION_CONDITIONS = DEBUG;
				SWIFT_OPTIMIZATION_LEVEL = "-Onone";
			};
			name = Debug;
		};
		9451D0D323BB4346007DBF0E /* Release */ = {
			isa = XCBuildConfiguration;
			buildSettings = {
				ALWAYS_SEARCH_USER_PATHS = NO;
				CLANG_ANALYZER_NONNULL = YES;
				CLANG_ANALYZER_NUMBER_OBJECT_CONVERSION = YES_AGGRESSIVE;
				CLANG_CXX_LANGUAGE_STANDARD = "gnu++14";
				CLANG_CXX_LIBRARY = "libc++";
				CLANG_ENABLE_MODULES = YES;
				CLANG_ENABLE_OBJC_ARC = YES;
				CLANG_ENABLE_OBJC_WEAK = YES;
				CLANG_WARN_BLOCK_CAPTURE_AUTORELEASING = YES;
				CLANG_WARN_BOOL_CONVERSION = YES;
				CLANG_WARN_COMMA = YES;
				CLANG_WARN_CONSTANT_CONVERSION = YES;
				CLANG_WARN_DEPRECATED_OBJC_IMPLEMENTATIONS = YES;
				CLANG_WARN_DIRECT_OBJC_ISA_USAGE = YES_ERROR;
				CLANG_WARN_DOCUMENTATION_COMMENTS = YES;
				CLANG_WARN_EMPTY_BODY = YES;
				CLANG_WARN_ENUM_CONVERSION = YES;
				CLANG_WARN_INFINITE_RECURSION = YES;
				CLANG_WARN_INT_CONVERSION = YES;
				CLANG_WARN_NON_LITERAL_NULL_CONVERSION = YES;
				CLANG_WARN_OBJC_IMPLICIT_RETAIN_SELF = YES;
				CLANG_WARN_OBJC_LITERAL_CONVERSION = YES;
				CLANG_WARN_OBJC_ROOT_CLASS = YES_ERROR;
				CLANG_WARN_RANGE_LOOP_ANALYSIS = YES;
				CLANG_WARN_STRICT_PROTOTYPES = YES;
				CLANG_WARN_SUSPICIOUS_MOVE = YES;
				CLANG_WARN_UNGUARDED_AVAILABILITY = YES_AGGRESSIVE;
				CLANG_WARN_UNREACHABLE_CODE = YES;
				CLANG_WARN__DUPLICATE_METHOD_MATCH = YES;
				CODE_SIGN_IDENTITY = "iPhone Developer";
				COPY_PHASE_STRIP = NO;
				DEBUG_INFORMATION_FORMAT = "dwarf-with-dsym";
				ENABLE_NS_ASSERTIONS = NO;
				ENABLE_STRICT_OBJC_MSGSEND = YES;
				GCC_C_LANGUAGE_STANDARD = gnu11;
				GCC_NO_COMMON_BLOCKS = YES;
				GCC_WARN_64_TO_32_BIT_CONVERSION = YES;
				GCC_WARN_ABOUT_RETURN_TYPE = YES_ERROR;
				GCC_WARN_UNDECLARED_SELECTOR = YES;
				GCC_WARN_UNINITIALIZED_AUTOS = YES_AGGRESSIVE;
				GCC_WARN_UNUSED_FUNCTION = YES;
				GCC_WARN_UNUSED_VARIABLE = YES;
				IPHONEOS_DEPLOYMENT_TARGET = 12.1;
				MTL_ENABLE_DEBUG_INFO = NO;
				MTL_FAST_MATH = YES;
				SDKROOT = iphoneos;
				SWIFT_COMPILATION_MODE = wholemodule;
				SWIFT_OPTIMIZATION_LEVEL = "-O";
				VALIDATE_PRODUCT = YES;
			};
			name = Release;
		};
		9451D0D523BB4346007DBF0E /* Debug */ = {
			isa = XCBuildConfiguration;
			buildSettings = {
				ASSETCATALOG_COMPILER_APPICON_NAME = AppIcon;
				CODE_SIGN_STYLE = Automatic;
				INFOPLIST_FILE = coreDataFirebase/Info.plist;
				LD_RUNPATH_SEARCH_PATHS = (
					"$(inherited)",
					"@executable_path/Frameworks",
				);
				PRODUCT_BUNDLE_IDENTIFIER = com.bignerdio.coreDataFirebase;
				PRODUCT_NAME = "$(TARGET_NAME)";
				SWIFT_VERSION = 4.2;
				TARGETED_DEVICE_FAMILY = "1,2";
			};
			name = Debug;
		};
		9451D0D623BB4346007DBF0E /* Release */ = {
			isa = XCBuildConfiguration;
			buildSettings = {
				ASSETCATALOG_COMPILER_APPICON_NAME = AppIcon;
				CODE_SIGN_STYLE = Automatic;
				INFOPLIST_FILE = coreDataFirebase/Info.plist;
				LD_RUNPATH_SEARCH_PATHS = (
					"$(inherited)",
					"@executable_path/Frameworks",
				);
				PRODUCT_BUNDLE_IDENTIFIER = com.bignerdio.coreDataFirebase;
				PRODUCT_NAME = "$(TARGET_NAME)";
				SWIFT_VERSION = 4.2;
				TARGETED_DEVICE_FAMILY = "1,2";
			};
			name = Release;
		};
/* End XCBuildConfiguration section */

/* Begin XCConfigurationList section */
		9451D0BA23BB4344007DBF0E /* Build configuration list for PBXProject "coreDataFirebase" */ = {
			isa = XCConfigurationList;
			buildConfigurations = (
				9451D0D223BB4346007DBF0E /* Debug */,
				9451D0D323BB4346007DBF0E /* Release */,
			);
			defaultConfigurationIsVisible = 0;
			defaultConfigurationName = Release;
		};
		9451D0D423BB4346007DBF0E /* Build configuration list for PBXNativeTarget "coreDataFirebase" */ = {
			isa = XCConfigurationList;
			buildConfigurations = (
				9451D0D523BB4346007DBF0E /* Debug */,
				9451D0D623BB4346007DBF0E /* Release */,
			);
			defaultConfigurationIsVisible = 0;
			defaultConfigurationName = Release;
		};
/* End XCConfigurationList section */

/* Begin XCVersionGroup section */
		94E23DAA23DDC2BF00FB4483 /* coreData.xcdatamodeld */ = {
			isa = XCVersionGroup;
			children = (
				94E23DAB23DDC2BF00FB4483 /* coreDataFirebase.xcdatamodel */,
			);
			currentVersion = 94E23DAB23DDC2BF00FB4483 /* coreDataFirebase.xcdatamodel */;
			path = coreData.xcdatamodeld;
			sourceTree = "<group>";
			versionGroupType = wrapper.xcdatamodel;
		};
/* End XCVersionGroup section */
	};
	rootObject = 9451D0B723BB4344007DBF0E /* Project object */;
}
